
Microsoft Visual Studio Solution File, Format Version 12.00
# Visual Studio Version 16
VisualStudioVersion = 16.0.31313.79
MinimumVisualStudioVersion = 10.0.40219.1
Project("{9A19103F-16F7-4668-BE54-9A1E7A4F7556}") = "IPFS-Cluster-Upload-API", "IPFS-Cluster-Upload-API.csproj", "{93584903-FDF6-4E93-8188-3DA462DC3021}"
EndProject
Global
	GlobalSection(SolutionConfigurationPlatforms) = preSolution
		Debug|Any CPU = Debug|Any CPU
		Release|Any CPU = Release|Any CPU
	EndGlobalSection
	GlobalSection(ProjectConfigurationPlatforms) = postSolution
		{93584903-FDF6-4E93-8188-3DA462DC3021}.Debug|Any CPU.ActiveCfg = Debug|Any CPU
		{93584903-FDF6-4E93-8188-3DA462DC3021}.Debug|Any CPU.Build.0 = Debug|Any CPU
		{93584903-FDF6-4E93-8188-3DA462DC3021}.Release|Any CPU.ActiveCfg = Release|Any CPU
		{93584903-FDF6-4E93-8188-3DA462DC3021}.Release|Any CPU.Build.0 = Release|Any CPU
	EndGlobalSection
	GlobalSection(SolutionProperties) = preSolution
		HideSolutionNode = FALSE
	EndGlobalSection
	GlobalSection(ExtensibilityGlobals) = postSolution
		SolutionGuid = {9A4CEA38-B43D-4624-9595-E74E659588A6}
	EndGlobalSection
EndGlobal
